{
  "name": "everything-agent-dist",
  "version": "0.1.0",
  "lockfileVersion": 3,
  "requires": true,
  "packages": {
    "": {
      "name": "everything-agent-dist",
      "version": "0.1.0",
      "dependencies": {
        "@langfuse/client": "^5.11.1",
        "@node-rs/jieba": "^2.0.3"
      },
      "engines": {
        "node": ">=24.12"
      }
    },
    "node_modules/@langfuse/client": {
      "version": "5.11.1",
      "resolved": "https://registry.npmjs.org/@langfuse/client/-/client-5.11.1.tgz",
      "integrity": "sha512-8xqjQKAo9TKSSgclnphdforUTDY8H3lv6Cf/yq2q6STkG8fmIV8AxJWm27/AI9XVodtQPYjj8jKWt55qgGqqCg==",
      "license": "MIT",
      "dependencies": {
        "@langfuse/core": "^5.11.1",
        "@langfuse/tracing": "^5.11.1",
        "mustache": "^4.2.0"
      },
      "peerDependencies": {
        "@opentelemetry/api": "^1.9.0"
      }
    },
    "node_modules/@langfuse/core": {
      "version": "5.11.1",
      "resolved": "https://registry.npmjs.org/@langfuse/core/-/core-5.11.1.tgz",
      "integrity": "sha512-Oor1z4BlgI5RaUrRYYKf3ijyCAx0tiGCWsABzfm6ZDAgbaaFuiwvJVtXGohiq5evcnjGGE5h4Mf4ZjH1yd5vjw==",
      "license": "MIT",
      "peerDependencies": {
        "@opentelemetry/api": "^1.9.0"
      }
    },
    "node_modules/@langfuse/tracing": {
      "version": "5.11.1",
      "resolved": "https://registry.npmjs.org/@langfuse/tracing/-/tracing-5.11.1.tgz",
      "integrity": "sha512-5lT0VhKSI3P5z3jylAE7Qf+V6GJ6IT0TZhvAQdU5bP0oUx2kRoXcnpdxwqEr7NdKIzaAPiN9E08ehO9wk/8xTA==",
      "license": "MIT",
      "dependencies": {
        "@langfuse/core": "^5.11.1"
      },
      "engines": {
        "node": ">=20"
      },
      "peerDependencies": {
        "@opentelemetry/api": "^1.9.0"
      }
    },
    "node_modules/@node-rs/jieba": {
      "version": "2.0.3",
      "resolved": "https://registry.npmjs.org/@node-rs/jieba/-/jieba-2.0.3.tgz",
      "integrity": "sha512-WfTweEAbwHNPV4BvbhyQfG5E4wUQWnjy7x9Li4yYgwm+c4hlkuREkMcpCS0tTo+eTyDIBZ/kFVylns2blPBZxg==",
      "license": "MIT",
      "engines": {
        "node": ">= 10"
      },
      "funding": {
        "type": "github",
        "url": "https://github.com/sponsors/Brooooooklyn"
      },
      "optionalDependencies": {
        "@node-rs/jieba-android-arm-eabi": "2.0.3",
        "@node-rs/jieba-android-arm64": "2.0.3",
        "@node-rs/jieba-darwin-arm64": "2.0.3",
        "@node-rs/jieba-darwin-x64": "2.0.3",
        "@node-rs/jieba-freebsd-x64": "2.0.3",
        "@node-rs/jieba-linux-arm-gnueabihf": "2.0.3",
        "@node-rs/jieba-linux-arm64-gnu": "2.0.3",
        "@node-rs/jieba-linux-arm64-musl": "2.0.3",
        "@node-rs/jieba-linux-x64-gnu": "2.0.3",
        "@node-rs/jieba-linux-x64-musl": "2.0.3",
        "@node-rs/jieba-win32-arm64-msvc": "2.0.3",
        "@node-rs/jieba-win32-ia32-msvc": "2.0.3",
        "@node-rs/jieba-win32-x64-msvc": "2.0.3"
      }
    },
    "node_modules/@node-rs/jieba-android-arm-eabi": {
      "version": "2.0.3",
      "resolved": "https://registry.npmjs.org/@node-rs/jieba-android-arm-eabi/-/jieba-android-arm-eabi-2.0.3.tgz",
      "integrity": "sha512-1gzgvufnDttRGEDu1gVAuiG8FDPvfEfW6+8Lnj4MvOVcU8GiBGevt73crmt8Hg+BSHPGCiKacwOUE0CMjUWeug==",
      "cpu": [
        "arm"
      ],
      "license": "MIT",
      "optional": true,
      "os": [
        "android"
      ],
      "engines": {
        "node": ">= 10"
      }
    },
    "node_modules/@node-rs/jieba-android-arm64": {
      "version": "2.0.3",
      "resolved": "https://registry.npmjs.org/@node-rs/jieba-android-arm64/-/jieba-android-arm64-2.0.3.tgz",
      "integrity": "sha512-Q65QkV58y2ac0uGnzQHGuQkIwzGqneUwhUZk6LdYnowfF8ammoOu7N9EB4ZhKrr8qiHl0RVkjoEZ03/vP/VkHQ==",
      "cpu": [
        "arm64"
      ],
      "license": "MIT",
      "optional": true,
      "os": [
        "android"
      ],
      "engines": {
        "node": ">= 10"
      }
    },
    "node_modules/@node-rs/jieba-darwin-arm64": {
      "version": "2.0.3",
      "resolved": "https://registry.npmjs.org/@node-rs/jieba-darwin-arm64/-/jieba-darwin-arm64-2.0.3.tgz",
      "integrity": "sha512-7ShzvHZBCkUNNTII3jztazEnCHvn7CiiTsasFQ8FJZVk7wNk36aJgXSehrWWahryR1CFYMTKdMD9GLSJsdtrDQ==",
      "cpu": [
        "arm64"
      ],
      "license": "MIT",
      "optional": true,
      "os": [
        "darwin"
      ],
      "engines": {
        "node": ">= 10"
      }
    },
    "node_modules/@node-rs/jieba-darwin-x64": {
      "version": "2.0.3",
      "resolved": "https://registry.npmjs.org/@node-rs/jieba-darwin-x64/-/jieba-darwin-x64-2.0.3.tgz",
      "integrity": "sha512-k1hg7TaBMEloyZDwsrYWT69ufnRrRYN6ZtF3b64lKX/lDhx1NTgEar6OxeuOScfyneb6f7+o43gB1vqfbbsfXQ==",
      "cpu": [
        "x64"
      ],
      "license": "MIT",
      "optional": true,
      "os": [
        "darwin"
      ],
      "engines": {
        "node": ">= 10"
      }
    },
    "node_modules/@node-rs/jieba-freebsd-x64": {
      "version": "2.0.3",
      "resolved": "https://registry.npmjs.org/@node-rs/jieba-freebsd-x64/-/jieba-freebsd-x64-2.0.3.tgz",
      "integrity": "sha512-hgmnTFT2AkLVjN5+CQW/U5x5lSqJqgUuEoqoOcHk2hxtFe3ZzuFxOzfQAIgKsEifkgrvljsCShZHcunRGuY8vA==",
      "cpu": [
        "x64"
      ],
      "license": "MIT",
      "optional": true,
      "os": [
        "freebsd"
      ],
      "engines": {
        "node": ">= 10"
      }
    },
    "node_modules/@node-rs/jieba-linux-arm-gnueabihf": {
      "version": "2.0.3",
      "resolved": "https://registry.npmjs.org/@node-rs/jieba-linux-arm-gnueabihf/-/jieba-linux-arm-gnueabihf-2.0.3.tgz",
      "integrity": "sha512-gka8cb+o/WQcPfwstQ0yQGakf/FM5vBr1sx5AMcdztWZQ9sTQ9nzzbPn5IxGNQWdZjFBwcrLizq8lhNU668Fzg==",
      "cpu": [
        "arm"
      ],
      "license": "MIT",
      "optional": true,
      "os": [
        "linux"
      ],
      "engines": {
        "node": ">= 10"
      }
    },
    "node_modules/@node-rs/jieba-linux-arm64-gnu": {
      "version": "2.0.3",
      "resolved": "https://registry.npmjs.org/@node-rs/jieba-linux-arm64-gnu/-/jieba-linux-arm64-gnu-2.0.3.tgz",
      "integrity": "sha512-w5IPNrxQIC9z8V0Rp1PPlQTO7LOCRNPN9GrATk6pMnPOjyyhAZ1TcetNUdZmPoQ5X/r0/mWU9lcb2xAkwXYR2Q==",
      "cpu": [
        "arm64"
      ],
      "libc": [
        "glibc"
      ],
      "license": "MIT",
      "optional": true,
      "os": [
        "linux"
      ],
      "engines": {
        "node": ">= 10"
      }
    },
    "node_modules/@node-rs/jieba-linux-arm64-musl": {
      "version": "2.0.3",
      "resolved": "https://registry.npmjs.org/@node-rs/jieba-linux-arm64-musl/-/jieba-linux-arm64-musl-2.0.3.tgz",
      "integrity": "sha512-nRWFAqM0cwg4BE5NEupHeZEM5QpfzJKcyxrTUFg1kUVY+g5Hlvcujo8gwUsuogcSIcLJDjyHxaF2rl24vdVnDA==",
      "cpu": [
        "arm64"
      ],
      "libc": [
        "musl"
      ],
      "license": "MIT",
      "optional": true,
      "os": [
        "linux"
      ],
      "engines": {
        "node": ">= 10"
      }
    },
    "node_modules/@node-rs/jieba-linux-x64-gnu": {
      "version": "2.0.3",
      "resolved": "https://registry.npmjs.org/@node-rs/jieba-linux-x64-gnu/-/jieba-linux-x64-gnu-2.0.3.tgz",
      "integrity": "sha512-/pg9Re50PAr2Y6olCuinNIyRm20ZiUPldUcBWBKO1+hY6S1PCNaWZLtuntzZKOuK05D4IXgq5pvunZIDrYI15g==",
      "cpu": [
        "x64"
      ],
      "libc": [
        "glibc"
      ],
      "license": "MIT",
      "optional": true,
      "os": [
        "linux"
      ],
      "engines": {
        "node": ">= 10"
      }
    },
    "node_modules/@node-rs/jieba-linux-x64-musl": {
      "version": "2.0.3",
      "resolved": "https://registry.npmjs.org/@node-rs/jieba-linux-x64-musl/-/jieba-linux-x64-musl-2.0.3.tgz",
      "integrity": "sha512-jZYdwF9EcJay1srsGR7Z88OGGBbOluzPtzK8PMkuicdGmW1ax7cc0fNGpIoxzvu6Qc5ZNUl1U/gGAzpA/kxndA==",
      "cpu": [
        "x64"
      ],
      "libc": [
        "musl"
      ],
      "license": "MIT",
      "optional": true,
      "os": [
        "linux"
      ],
      "engines": {
        "node": ">= 10"
      }
    },
    "node_modules/@node-rs/jieba-win32-arm64-msvc": {
      "version": "2.0.3",
      "resolved": "https://registry.npmjs.org/@node-rs/jieba-win32-arm64-msvc/-/jieba-win32-arm64-msvc-2.0.3.tgz",
      "integrity": "sha512-CsbWsf52DYkj05Xejw3B48dykY7joSAJKxopwL81vHxRDFNqut7caejxYhj7UbkeDoSeJrPjG2l0Nlv34e0/GQ==",
      "cpu": [
        "arm64"
      ],
      "license": "MIT",
      "optional": true,
      "os": [
        "win32"
      ],
      "engines": {
        "node": ">= 10"
      }
    },
    "node_modules/@node-rs/jieba-win32-ia32-msvc": {
      "version": "2.0.3",
      "resolved": "https://registry.npmjs.org/@node-rs/jieba-win32-ia32-msvc/-/jieba-win32-ia32-msvc-2.0.3.tgz",
      "integrity": "sha512-OAoxbIK/AFNgm6R002k6Zhrto7SHWS5M/roVqdFD89LPXCdHOi1QDMZoXYX/y34ITRyzuXY00KL+nrd4jFg9Bw==",
      "cpu": [
        "ia32"
      ],
      "license": "MIT",
      "optional": true,
      "os": [
        "win32"
      ],
      "engines": {
        "node": ">= 10"
      }
    },
    "node_modules/@node-rs/jieba-win32-x64-msvc": {
      "version": "2.0.3",
      "resolved": "https://registry.npmjs.org/@node-rs/jieba-win32-x64-msvc/-/jieba-win32-x64-msvc-2.0.3.tgz",
      "integrity": "sha512-m9elDBggy4aCLN3MkZlwIzAHctU8G2/F2KfbEQ15FDwACfvVWlzXb8YXc38o845P+dKFttag2Znv0R66tFOH2A==",
      "cpu": [
        "x64"
      ],
      "license": "MIT",
      "optional": true,
      "os": [
        "win32"
      ],
      "engines": {
        "node": ">= 10"
      }
    },
    "node_modules/@opentelemetry/api": {
      "version": "1.9.1",
      "resolved": "https://registry.npmjs.org/@opentelemetry/api/-/api-1.9.1.tgz",
      "integrity": "sha512-gLyJlPHPZYdAk1JENA9LeHejZe1Ti77/pTeFm/nMXmQH/HFZlcS/O2XJB+L8fkbrNSqhdtlvjBVjxwUYanNH5Q==",
      "license": "Apache-2.0",
      "peer": true,
      "engines": {
        "node": ">=8.0.0"
      }
    },
    "node_modules/mustache": {
      "version": "4.2.0",
      "resolved": "https://registry.npmjs.org/mustache/-/mustache-4.2.0.tgz",
      "integrity": "sha512-71ippSywq5Yb7/tVYyGbkBggbU8H3u5Rz56fH60jGFgr8uHwxs+aSKeqmluIVzM0m0kB7xQjKS6qPfd0b2ZoqQ==",
      "license": "MIT",
      "bin": {
        "mustache": "bin/mustache"
      }
    }
  }
}
